
Microsoft Visual Studio Solution File, Format Version 12.00
# Visual Studio Version 17
VisualStudioVersion = 17.11.35312.102
MinimumVisualStudioVersion = 10.0.40219.1
Project("{9A19103F-16F7-4668-BE54-9A1E7A4F7556}") = "pong", "pong\pong.csproj", "{A26068B6-DE08-4603-93D4-9602187B7854}"
EndProject
Project("{2150E333-8FDC-42A3-9474-1A3956D46DE8}") = "Solution Items", "Solution Items", "{59E91948-CC2F-4DC0-B30A-A5769A02C879}"
	ProjectSection(SolutionItems) = preProject
		Gamefont.SpriteFont = Gamefont.SpriteFont
	EndProjectSection
EndProject
Global
	GlobalSection(SolutionConfigurationPlatforms) = preSolution
		Debug|Any CPU = Debug|Any CPU
		Release|Any CPU = Release|Any CPU
	EndGlobalSection
	GlobalSection(ProjectConfigurationPlatforms) = postSolution
		{A26068B6-DE08-4603-93D4-9602187B7854}.Debug|Any CPU.ActiveCfg = Debug|Any CPU
		{A26068B6-DE08-4603-93D4-9602187B7854}.Debug|Any CPU.Build.0 = Debug|Any CPU
		{A26068B6-DE08-4603-93D4-9602187B7854}.Release|Any CPU.ActiveCfg = Release|Any CPU
		{A26068B6-DE08-4603-93D4-9602187B7854}.Release|Any CPU.Build.0 = Release|Any CPU
	EndGlobalSection
	GlobalSection(SolutionProperties) = preSolution
		HideSolutionNode = FALSE
	EndGlobalSection
	GlobalSection(ExtensibilityGlobals) = postSolution
		SolutionGuid = {8BEF2291-2F46-4470-997A-0B968C505F10}
	EndGlobalSection
EndGlobal
